
Microsoft Visual Studio Solution File, Format Version 12.00
# Visual Studio 14
VisualStudioVersion = 14.0.25123.0
MinimumVisualStudioVersion = 10.0.40219.1
Project("{FAE04EC0-301F-11D3-BF4B-00C04F79EFBC}") = "EF", "EF\EF.csproj", "{CF2C0FC0-5DEC-4ACF-ABFC-870E7EA1B933}"
EndProject
Project("{2150E333-8FDC-42A3-9474-1A3956D46DE8}") = "UnitTests", "UnitTests", "{F063DC41-DFB0-4597-8E33-B61B1E2C1C84}"
EndProject
Project("{FAE04EC0-301F-11D3-BF4B-00C04F79EFBC}") = "ApplicationTests", "ApplicationTests\ApplicationTests.csproj", "{9DF4CE96-4010-48F3-81DB-53D11DA38CFC}"
EndProject
Project("{2150E333-8FDC-42A3-9474-1A3956D46DE8}") = "DataAccessLayer", "DataAccessLayer", "{35CE7976-1C8F-40F8-B561-AD6DD11ADD24}"
EndProject
Project("{2150E333-8FDC-42A3-9474-1A3956D46DE8}") = "Core", "Core", "{A4FA95B8-9881-4826-A33B-C4FD3A335979}"
EndProject
Project("{FAE04EC0-301F-11D3-BF4B-00C04F79EFBC}") = "Logic", "Logic\Logic.csproj", "{A38D3EC0-FE48-4219-8757-D40A9FFBF940}"
EndProject
Global
	GlobalSection(SolutionConfigurationPlatforms) = preSolution
		Debug|Any CPU = Debug|Any CPU
		Release|Any CPU = Release|Any CPU
	EndGlobalSection
	GlobalSection(ProjectConfigurationPlatforms) = postSolution
		{CF2C0FC0-5DEC-4ACF-ABFC-870E7EA1B933}.Debug|Any CPU.ActiveCfg = Debug|Any CPU
		{CF2C0FC0-5DEC-4ACF-ABFC-870E7EA1B933}.Debug|Any CPU.Build.0 = Debug|Any CPU
		{CF2C0FC0-5DEC-4ACF-ABFC-870E7EA1B933}.Release|Any CPU.ActiveCfg = Release|Any CPU
		{CF2C0FC0-5DEC-4ACF-ABFC-870E7EA1B933}.Release|Any CPU.Build.0 = Release|Any CPU
		{9DF4CE96-4010-48F3-81DB-53D11DA38CFC}.Debug|Any CPU.ActiveCfg = Debug|Any CPU
		{9DF4CE96-4010-48F3-81DB-53D11DA38CFC}.Debug|Any CPU.Build.0 = Debug|Any CPU
		{9DF4CE96-4010-48F3-81DB-53D11DA38CFC}.Release|Any CPU.ActiveCfg = Release|Any CPU
		{9DF4CE96-4010-48F3-81DB-53D11DA38CFC}.Release|Any CPU.Build.0 = Release|Any CPU
		{A38D3EC0-FE48-4219-8757-D40A9FFBF940}.Debug|Any CPU.ActiveCfg = Debug|Any CPU
		{A38D3EC0-FE48-4219-8757-D40A9FFBF940}.Debug|Any CPU.Build.0 = Debug|Any CPU
		{A38D3EC0-FE48-4219-8757-D40A9FFBF940}.Release|Any CPU.ActiveCfg = Release|Any CPU
		{A38D3EC0-FE48-4219-8757-D40A9FFBF940}.Release|Any CPU.Build.0 = Release|Any CPU
	EndGlobalSection
	GlobalSection(SolutionProperties) = preSolution
		HideSolutionNode = FALSE
	EndGlobalSection
	GlobalSection(NestedProjects) = preSolution
		{CF2C0FC0-5DEC-4ACF-ABFC-870E7EA1B933} = {35CE7976-1C8F-40F8-B561-AD6DD11ADD24}
		{9DF4CE96-4010-48F3-81DB-53D11DA38CFC} = {F063DC41-DFB0-4597-8E33-B61B1E2C1C84}
		{A38D3EC0-FE48-4219-8757-D40A9FFBF940} = {A4FA95B8-9881-4826-A33B-C4FD3A335979}
	EndGlobalSection
EndGlobal
